// !$*UTF8*$!
{
	archiveVersion = 1;
	classes = {
	};
	objectVersion = 56;
	objects = {

/* Begin PBXBuildFile section */
		A92425992B3315EE004DF264 /* AppDelegate.swift in Sources */ = {isa = PBXBuildFile; fileRef = A92425982B3315EE004DF264 /* AppDelegate.swift */; };
		A924259B2B3315EE004DF264 /* SceneDelegate.swift in Sources */ = {isa = PBXBuildFile; fileRef = A924259A2B3315EE004DF264 /* SceneDelegate.swift */; };
		A924259D2B3315EE004DF264 /* MemoViewController.swift in Sources */ = {isa = PBXBuildFile; fileRef = A924259C2B3315EE004DF264 /* MemoViewController.swift */; };
		A92425A22B3315EF004DF264 /* Assets.xcassets in Resources */ = {isa = PBXBuildFile; fileRef = A92425A12B3315EF004DF264 /* Assets.xcassets */; };
		A92425A52B3315EF004DF264 /* LaunchScreen.storyboard in Resources */ = {isa = PBXBuildFile; fileRef = A92425A32B3315EF004DF264 /* LaunchScreen.storyboard */; };
		A92425AE2B331673004DF264 /* libsqlite3.0.tbd in Frameworks */ = {isa = PBXBuildFile; fileRef = A92425AD2B331673004DF264 /* libsqlite3.0.tbd */; };
		A92425B12B3316A9004DF264 /* SnapKit in Frameworks */ = {isa = PBXBuildFile; productRef = A92425B02B3316A9004DF264 /* SnapKit */; };
		A92425B32B3316A9004DF264 /* SnapKit-Dynamic in Frameworks */ = {isa = PBXBuildFile; productRef = A92425B22B3316A9004DF264 /* SnapKit-Dynamic */; };
		A92425B52B331789004DF264 /* DatabaseManager.swift in Sources */ = {isa = PBXBuildFile; fileRef = A92425B42B331789004DF264 /* DatabaseManager.swift */; };
		A92425B72B331A99004DF264 /* Memo.swift in Sources */ = {isa = PBXBuildFile; fileRef = A92425B62B331A99004DF264 /* Memo.swift */; };
		A9264F982B34142700A08BFA /* MemoTableViewCell.swift in Sources */ = {isa = PBXBuildFile; fileRef = A9264F972B34142700A08BFA /* MemoTableViewCell.swift */; };
		A9264F9E2B3415B100A08BFA /* MemoViewModel.swift in Sources */ = {isa = PBXBuildFile; fileRef = A9264F9D2B3415B100A08BFA /* MemoViewModel.swift */; };
/* End PBXBuildFile section */

/* Begin PBXFileReference section */
		A92425952B3315EE004DF264 /* SwiftSQLite.app */ = {isa = PBXFileReference; explicitFileType = wrapper.application; includeInIndex = 0; path = SwiftSQLite.app; sourceTree = BUILT_PRODUCTS_DIR; };
		A92425982B3315EE004DF264 /* AppDelegate.swift */ = {isa = PBXFileReference; lastKnownFileType = sourcecode.swift; path = AppDelegate.swift; sourceTree = "<group>"; };
		A924259A2B3315EE004DF264 /* SceneDelegate.swift */ = {isa = PBXFileReference; lastKnownFileType = sourcecode.swift; path = SceneDelegate.swift; sourceTree = "<group>"; };
		A924259C2B3315EE004DF264 /* MemoViewController.swift */ = {isa = PBXFileReference; lastKnownFileType = sourcecode.swift; path = MemoViewController.swift; sourceTree = "<group>"; };
		A92425A12B3315EF004DF264 /* Assets.xcassets */ = {isa = PBXFileReference; lastKnownFileType = folder.assetcatalog; path = Assets.xcassets; sourceTree = "<group>"; };
		A92425A42B3315EF004DF264 /* Base */ = {isa = PBXFileReference; lastKnownFileType = file.storyboard; name = Base; path = Base.lproj/LaunchScreen.storyboard; sourceTree = "<group>"; };
		A92425A62B3315EF004DF264 /* Info.plist */ = {isa = PBXFileReference; lastKnownFileType = text.plist.xml; path = Info.plist; sourceTree = "<group>"; };
		A92425AD2B331673004DF264 /* libsqlite3.0.tbd */ = {isa = PBXFileReference; lastKnownFileType = "sourcecode.text-based-dylib-definition"; name = libsqlite3.0.tbd; path = usr/lib/libsqlite3.0.tbd; sourceTree = SDKROOT; };
		A92425B42B331789004DF264 /* DatabaseManager.swift */ = {isa = PBXFileReference; lastKnownFileType = sourcecode.swift; path = DatabaseManager.swift; sourceTree = "<group>"; };
		A92425B62B331A99004DF264 /* Memo.swift */ = {isa = PBXFileReference; lastKnownFileType = sourcecode.swift; path = Memo.swift; sourceTree = "<group>"; };
		A9264F972B34142700A08BFA /* MemoTableViewCell.swift */ = {isa = PBXFileReference; lastKnownFileType = sourcecode.swift; path = MemoTableViewCell.swift; sourceTree = "<group>"; };
		A9264F9D2B3415B100A08BFA /* MemoViewModel.swift */ = {isa = PBXFileReference; lastKnownFileType = sourcecode.swift; path = MemoViewModel.swift; sourceTree = "<group>"; };
/* End PBXFileReference section */

/* Begin PBXFrameworksBuildPhase section */
		A92425922B3315EE004DF264 /* Frameworks */ = {
			isa = PBXFrameworksBuildPhase;
			buildActionMask = 2147483647;
			files = (
				A92425AE2B331673004DF264 /* libsqlite3.0.tbd in Frameworks */,
				A92425B12B3316A9004DF264 /* SnapKit in Frameworks */,
				A92425B32B3316A9004DF264 /* SnapKit-Dynamic in Frameworks */,
			);
			runOnlyForDeploymentPostprocessing = 0;
		};
/* End PBXFrameworksBuildPhase section */

/* Begin PBXGroup section */
		A924258C2B3315EE004DF264 = {
			isa = PBXGroup;
			children = (
				A92425972B3315EE004DF264 /* SwiftSQLite */,
				A92425962B3315EE004DF264 /* Products */,
				A92425AC2B331673004DF264 /* Frameworks */,
			);
			sourceTree = "<group>";
		};
		A92425962B3315EE004DF264 /* Products */ = {
			isa = PBXGroup;
			children = (
				A92425952B3315EE004DF264 /* SwiftSQLite.app */,
			);
			name = Products;
			sourceTree = "<group>";
		};
		A92425972B3315EE004DF264 /* SwiftSQLite */ = {
			isa = PBXGroup;
			children = (
				A9264F992B34144700A08BFA /* Model */,
				A9264F9A2B34145400A08BFA /* View */,
				A9264F9B2B34146100A08BFA /* ViewModel */,
				A92425982B3315EE004DF264 /* AppDelegate.swift */,
				A924259A2B3315EE004DF264 /* SceneDelegate.swift */,
				A92425A32B3315EF004DF264 /* LaunchScreen.storyboard */,
				A92425A12B3315EF004DF264 /* Assets.xcassets */,
				A92425A62B3315EF004DF264 /* Info.plist */,
			);
			path = SwiftSQLite;
			sourceTree = "<group>";
		};
		A92425AC2B331673004DF264 /* Frameworks */ = {
			isa = PBXGroup;
			children = (
				A92425AD2B331673004DF264 /* libsqlite3.0.tbd */,
			);
			name = Frameworks;
			sourceTree = "<group>";
		};
		A9264F992B34144700A08BFA /* Model */ = {
			isa = PBXGroup;
			children = (
				A92425B62B331A99004DF264 /* Memo.swift */,
			);
			path = Model;
			sourceTree = "<group>";
		};
		A9264F9A2B34145400A08BFA /* View */ = {
			isa = PBXGroup;
			children = (
				A924259C2B3315EE004DF264 /* MemoViewController.swift */,
				A9264F972B34142700A08BFA /* MemoTableViewCell.swift */,
			);
			path = View;
			sourceTree = "<group>";
		};
		A9264F9B2B34146100A08BFA /* ViewModel */ = {
			isa = PBXGroup;
			children = (
				A9264F9D2B3415B100A08BFA /* MemoViewModel.swift */,
				A9264F9C2B3414CB00A08BFA /* LocalStorage */,
			);
			path = ViewModel;
			sourceTree = "<group>";
		};
		A9264F9C2B3414CB00A08BFA /* LocalStorage */ = {
			isa = PBXGroup;
			children = (
				A92425B42B331789004DF264 /* DatabaseManager.swift */,
			);
			path = LocalStorage;
			sourceTree = "<group>";
		};
/* End PBXGroup section */

/* Begin PBXNativeTarget section */
		A92425942B3315EE004DF264 /* SwiftSQLite */ = {
			isa = PBXNativeTarget;
			buildConfigurationList = A92425A92B3315EF004DF264 /* Build configuration list for PBXNativeTarget "SwiftSQLite" */;
			buildPhases = (
				A92425912B3315EE004DF264 /* Sources */,
				A92425922B3315EE004DF264 /* Frameworks */,
				A92425932B3315EE004DF264 /* Resources */,
			);
			buildRules = (
			);
			dependencies = (
			);
			name = SwiftSQLite;
			packageProductDependencies = (
				A92425B02B3316A9004DF264 /* SnapKit */,
				A92425B22B3316A9004DF264 /* SnapKit-Dynamic */,
			);
			productName = SwiftSQLite;
			productReference = A92425952B3315EE004DF264 /* SwiftSQLite.app */;
			productType = "com.apple.product-type.application";
		};
/* End PBXNativeTarget section */

/* Begin PBXProject section */
		A924258D2B3315EE004DF264 /* Project object */ = {
			isa = PBXProject;
			attributes = {
				BuildIndependentTargetsInParallel = 1;
				LastSwiftUpdateCheck = 1500;
				LastUpgradeCheck = 1500;
				TargetAttributes = {
					A92425942B3315EE004DF264 = {
						CreatedOnToolsVersion = 15.0.1;
					};
				};
			};
			buildConfigurationList = A92425902B3315EE004DF264 /* Build configuration list for PBXProject "SwiftSQLite" */;
			compatibilityVersion = "Xcode 14.0";
			developmentRegion = en;
			hasScannedForEncodings = 0;
			knownRegions = (
				en,
				Base,
			);
			mainGroup = A924258C2B3315EE004DF264;
			packageReferences = (
				A92425AF2B3316A9004DF264 /* XCRemoteSwiftPackageReference "SnapKit" */,
			);
			productRefGroup = A92425962B3315EE004DF264 /* Products */;
			projectDirPath = "";
			projectRoot = "";
			targets = (
				A92425942B3315EE004DF264 /* SwiftSQLite */,
			);
		};
/* End PBXProject section */

/* Begin PBXResourcesBuildPhase section */
		A92425932B3315EE004DF264 /* Resources */ = {
			isa = PBXResourcesBuildPhase;
			buildActionMask = 2147483647;
			files = (
				A92425A52B3315EF004DF264 /* LaunchScreen.storyboard in Resources */,
				A92425A22B3315EF004DF264 /* Assets.xcassets in Resources */,
			);
			runOnlyForDeploymentPostprocessing = 0;
		};
/* End PBXResourcesBuildPhase section */

/* Begin PBXSourcesBuildPhase section */
		A92425912B3315EE004DF264 /* Sources */ = {
			isa = PBXSourcesBuildPhase;
			buildActionMask = 2147483647;
			files = (
				A92425B52B331789004DF264 /* DatabaseManager.swift in Sources */,
				A9264F9E2B3415B100A08BFA /* MemoViewModel.swift in Sources */,
				A9264F982B34142700A08BFA /* MemoTableViewCell.swift in Sources */,
				A924259D2B3315EE004DF264 /* MemoViewController.swift in Sources */,
				A92425992B3315EE004DF264 /* AppDelegate.swift in Sources */,
				A924259B2B3315EE004DF264 /* SceneDelegate.swift in Sources */,
				A92425B72B331A99004DF264 /* Memo.swift in Sources */,
			);
			runOnlyForDeploymentPostprocessing = 0;
		};
/* End PBXSourcesBuildPhase section */

/* Begin PBXVariantGroup section */
		A92425A32B3315EF004DF264 /* LaunchScreen.storyboard */ = {
			isa = PBXVariantGroup;
			children = (
				A92425A42B3315EF004DF264 /* Base */,
			);
			name = LaunchScreen.storyboard;
			sourceTree = "<group>";
		};
/* End PBXVariantGroup section */

/* Begin XCBuildConfiguration section */
		A92425A72B3315EF004DF264 /* Debug */ = {
			isa = XCBuildConfiguration;
			buildSettings = {
				ALWAYS_SEARCH_USER_PATHS = NO;
				ASSETCATALOG_COMPILER_GENERATE_SWIFT_ASSET_SYMBOL_EXTENSIONS = YES;
				CLANG_ANALYZER_NONNULL = YES;
				CLANG_ANALYZER_NUMBER_OBJECT_CONVERSION = YES_AGGRESSIVE;
				CLANG_CXX_LANGUAGE_STANDARD = "gnu++20";
				CLANG_ENABLE_MODULES = YES;
				CLANG_ENABLE_OBJC_ARC = YES;
				CLANG_ENABLE_OBJC_WEAK = YES;
				CLANG_WARN_BLOCK_CAPTURE_AUTORELEASING = YES;
				CLANG_WARN_BOOL_CONVERSION = YES;
				CLANG_WARN_COMMA = YES;
				CLANG_WARN_CONSTANT_CONVERSION = YES;
				CLANG_WARN_DEPRECATED_OBJC_IMPLEMENTATIONS = YES;
				CLANG_WARN_DIRECT_OBJC_ISA_USAGE = YES_ERROR;
				CLANG_WARN_DOCUMENTATION_COMMENTS = YES;
				CLANG_WARN_EMPTY_BODY = YES;
				CLANG_WARN_ENUM_CONVERSION = YES;
				CLANG_WARN_INFINITE_RECURSION = YES;
				CLANG_WARN_INT_CONVERSION = YES;
				CLANG_WARN_NON_LITERAL_NULL_CONVERSION = YES;
				CLANG_WARN_OBJC_IMPLICIT_RETAIN_SELF = YES;
				CLANG_WARN_OBJC_LITERAL_CONVERSION = YES;
				CLANG_WARN_OBJC_ROOT_CLASS = YES_ERROR;
				CLANG_WARN_QUOTED_INCLUDE_IN_FRAMEWORK_HEADER = YES;
				CLANG_WARN_RANGE_LOOP_ANALYSIS = YES;
				CLANG_WARN_STRICT_PROTOTYPES = YES;
				CLANG_WARN_SUSPICIOUS_MOVE = YES;
				CLANG_WARN_UNGUARDED_AVAILABILITY = YES_AGGRESSIVE;
				CLANG_WARN_UNREACHABLE_CODE = YES;
				CLANG_WARN__DUPLICATE_METHOD_MATCH = YES;
				COPY_PHASE_STRIP = NO;
				DEBUG_INFORMATION_FORMAT = dwarf;
				ENABLE_STRICT_OBJC_MSGSEND = YES;
				ENABLE_TESTABILITY = YES;
				ENABLE_USER_SCRIPT_SANDBOXING = YES;
				GCC_C_LANGUAGE_STANDARD = gnu17;
				GCC_DYNAMIC_NO_PIC = NO;
				GCC_NO_COMMON_BLOCKS = YES;
				GCC_OPTIMIZATION_LEVEL = 0;
				GCC_PREPROCESSOR_DEFINITIONS = (
					"DEBUG=1",
					"$(inherited)",
				);
				GCC_WARN_64_TO_32_BIT_CONVERSION = YES;
				GCC_WARN_ABOUT_RETURN_TYPE = YES_ERROR;
				GCC_WARN_UNDECLARED_SELECTOR = YES;
				GCC_WARN_UNINITIALIZED_AUTOS = YES_AGGRESSIVE;
				GCC_WARN_UNUSED_FUNCTION = YES;
				GCC_WARN_UNUSED_VARIABLE = YES;
				IPHONEOS_DEPLOYMENT_TARGET = 17.0;
				LOCALIZATION_PREFERS_STRING_CATALOGS = YES;
				MTL_ENABLE_DEBUG_INFO = INCLUDE_SOURCE;
				MTL_FAST_MATH = YES;
				ONLY_ACTIVE_ARCH = YES;
				SDKROOT = iphoneos;
				SWIFT_ACTIVE_COMPILATION_CONDITIONS = "DEBUG $(inherited)";
				SWIFT_OPTIMIZATION_LEVEL = "-Onone";
			};
			name = Debug;
		};
		A92425A82B3315EF004DF264 /* Release */ = {
			isa = XCBuildConfiguration;
			buildSettings = {
				ALWAYS_SEARCH_USER_PATHS = NO;
				ASSETCATALOG_COMPILER_GENERATE_SWIFT_ASSET_SYMBOL_EXTENSIONS = YES;
				CLANG_ANALYZER_NONNULL = YES;
				CLANG_ANALYZER_NUMBER_OBJECT_CONVERSION = YES_AGGRESSIVE;
				CLANG_CXX_LANGUAGE_STANDARD = "gnu++20";
				CLANG_ENABLE_MODULES = YES;
				CLANG_ENABLE_OBJC_ARC = YES;
				CLANG_ENABLE_OBJC_WEAK = YES;
				CLANG_WARN_BLOCK_CAPTURE_AUTORELEASING = YES;
				CLANG_WARN_BOOL_CONVERSION = YES;
				CLANG_WARN_COMMA = YES;
				CLANG_WARN_CONSTANT_CONVERSION = YES;
				CLANG_WARN_DEPRECATED_OBJC_IMPLEMENTATIONS = YES;
				CLANG_WARN_DIRECT_OBJC_ISA_USAGE = YES_ERROR;
				CLANG_WARN_DOCUMENTATION_COMMENTS = YES;
				CLANG_WARN_EMPTY_BODY = YES;
				CLANG_WARN_ENUM_CONVERSION = YES;
				CLANG_WARN_INFINITE_RECURSION = YES;
				CLANG_WARN_INT_CONVERSION = YES;
				CLANG_WARN_NON_LITERAL_NULL_CONVERSION = YES;
				CLANG_WARN_OBJC_IMPLICIT_RETAIN_SELF = YES;
				CLANG_WARN_OBJC_LITERAL_CONVERSION = YES;
				CLANG_WARN_OBJC_ROOT_CLASS = YES_ERROR;
				CLANG_WARN_QUOTED_INCLUDE_IN_FRAMEWORK_HEADER = YES;
				CLANG_WARN_RANGE_LOOP_ANALYSIS = YES;
				CLANG_WARN_STRICT_PROTOTYPES = YES;
				CLANG_WARN_SUSPICIOUS_MOVE = YES;
				CLANG_WARN_UNGUARDED_AVAILABILITY = YES_AGGRESSIVE;
				CLANG_WARN_UNREACHABLE_CODE = YES;
				CLANG_WARN__DUPLICATE_METHOD_MATCH = YES;
				COPY_PHASE_STRIP = NO;
				DEBUG_INFORMATION_FORMAT = "dwarf-with-dsym";
				ENABLE_NS_ASSERTIONS = NO;
				ENABLE_STRICT_OBJC_MSGSEND = YES;
				ENABLE_USER_SCRIPT_SANDBOXING = YES;
				GCC_C_LANGUAGE_STANDARD = gnu17;
				GCC_NO_COMMON_BLOCKS = YES;
				GCC_WARN_64_TO_32_BIT_CONVERSION = YES;
				GCC_WARN_ABOUT_RETURN_TYPE = YES_ERROR;
				GCC_WARN_UNDECLARED_SELECTOR = YES;
				GCC_WARN_UNINITIALIZED_AUTOS = YES_AGGRESSIVE;
				GCC_WARN_UNUSED_FUNCTION = YES;
				GCC_WARN_UNUSED_VARIABLE = YES;
				IPHONEOS_DEPLOYMENT_TARGET = 17.0;
				LOCALIZATION_PREFERS_STRING_CATALOGS = YES;
				MTL_ENABLE_DEBUG_INFO = NO;
				MTL_FAST_MATH = YES;
				SDKROOT = iphoneos;
				SWIFT_COMPILATION_MODE = wholemodule;
				VALIDATE_PRODUCT = YES;
			};
			name = Release;
		};
		A92425AA2B3315EF004DF264 /* Debug */ = {
			isa = XCBuildConfiguration;
			buildSettings = {
				ASSETCATALOG_COMPILER_APPICON_NAME = AppIcon;
				ASSETCATALOG_COMPILER_GLOBAL_ACCENT_COLOR_NAME = AccentColor;
				CODE_SIGN_STYLE = Automatic;
				CURRENT_PROJECT_VERSION = 1;
				DEVELOPMENT_TEAM = 4FTFKXF8N5;
				GENERATE_INFOPLIST_FILE = YES;
				INFOPLIST_FILE = SwiftSQLite/Info.plist;
				INFOPLIST_KEY_UIApplicationSupportsIndirectInputEvents = YES;
				INFOPLIST_KEY_UILaunchStoryboardName = LaunchScreen.storyboard;
				INFOPLIST_KEY_UISupportedInterfaceOrientations_iPad = "UIInterfaceOrientationPortrait UIInterfaceOrientationPortraitUpsideDown UIInterfaceOrientationLandscapeLeft UIInterfaceOrientationLandscapeRight";
				INFOPLIST_KEY_UISupportedInterfaceOrientations_iPhone = "UIInterfaceOrientationPortrait UIInterfaceOrientationLandscapeLeft UIInterfaceOrientationLandscapeRight";
				LD_RUNPATH_SEARCH_PATHS = (
					"$(inherited)",
					"@executable_path/Frameworks",
				);
				MARKETING_VERSION = 1.0;
				PRODUCT_BUNDLE_IDENTIFIER = com.jeongminkim.SwiftSQLite;
				PRODUCT_NAME = "$(TARGET_NAME)";
				SWIFT_EMIT_LOC_STRINGS = YES;
				SWIFT_VERSION = 5.0;
				TARGETED_DEVICE_FAMILY = "1,2";
			};
			name = Debug;
		};
		A92425AB2B3315EF004DF264 /* Release */ = {
			isa = XCBuildConfiguration;
			buildSettings = {
				ASSETCATALOG_COMPILER_APPICON_NAME = AppIcon;
				ASSETCATALOG_COMPILER_GLOBAL_ACCENT_COLOR_NAME = AccentColor;
				CODE_SIGN_STYLE = Automatic;
				CURRENT_PROJECT_VERSION = 1;
				DEVELOPMENT_TEAM = 4FTFKXF8N5;
				GENERATE_INFOPLIST_FILE = YES;
				INFOPLIST_FILE = SwiftSQLite/Info.plist;
				INFOPLIST_KEY_UIApplicationSupportsIndirectInputEvents = YES;
				INFOPLIST_KEY_UILaunchStoryboardName = LaunchScreen.storyboard;
				INFOPLIST_KEY_UISupportedInterfaceOrientations_iPad = "UIInterfaceOrientationPortrait UIInterfaceOrientationPortraitUpsideDown UIInterfaceOrientationLandscapeLeft UIInterfaceOrientationLandscapeRight";
				INFOPLIST_KEY_UISupportedInterfaceOrientations_iPhone = "UIInterfaceOrientationPortrait UIInterfaceOrientationLandscapeLeft UIInterfaceOrientationLandscapeRight";
				LD_RUNPATH_SEARCH_PATHS = (
					"$(inherited)",
					"@executable_path/Frameworks",
				);
				MARKETING_VERSION = 1.0;
				PRODUCT_BUNDLE_IDENTIFIER = com.jeongminkim.SwiftSQLite;
				PRODUCT_NAME = "$(TARGET_NAME)";
				SWIFT_EMIT_LOC_STRINGS = YES;
				SWIFT_VERSION = 5.0;
				TARGETED_DEVICE_FAMILY = "1,2";
			};
			name = Release;
		};
/* End XCBuildConfiguration section */

/* Begin XCConfigurationList section */
		A92425902B3315EE004DF264 /* Build configuration list for PBXProject "SwiftSQLite" */ = {
			isa = XCConfigurationList;
			buildConfigurations = (
				A92425A72B3315EF004DF264 /* Debug */,
				A92425A82B3315EF004DF264 /* Release */,
			);
			defaultConfigurationIsVisible = 0;
			defaultConfigurationName = Release;
		};
		A92425A92B3315EF004DF264 /* Build configuration list for PBXNativeTarget "SwiftSQLite" */ = {
			isa = XCConfigurationList;
			buildConfigurations = (
				A92425AA2B3315EF004DF264 /* Debug */,
				A92425AB2B3315EF004DF264 /* Release */,
			);
			defaultConfigurationIsVisible = 0;
			defaultConfigurationName = Release;
		};
/* End XCConfigurationList section */

/* Begin XCRemoteSwiftPackageReference section */
		A92425AF2B3316A9004DF264 /* XCRemoteSwiftPackageReference "SnapKit" */ = {
			isa = XCRemoteSwiftPackageReference;
			repositoryURL = "https://github.com/SnapKit/SnapKit";
			requirement = {
				kind = upToNextMajorVersion;
				minimumVersion = 5.6.0;
			};
		};
/* End XCRemoteSwiftPackageReference section */

/* Begin XCSwiftPackageProductDependency section */
		A92425B02B3316A9004DF264 /* SnapKit */ = {
			isa = XCSwiftPackageProductDependency;
			package = A92425AF2B3316A9004DF264 /* XCRemoteSwiftPackageReference "SnapKit" */;
			productName = SnapKit;
		};
		A92425B22B3316A9004DF264 /* SnapKit-Dynamic */ = {
			isa = XCSwiftPackageProductDependency;
			package = A92425AF2B3316A9004DF264 /* XCRemoteSwiftPackageReference "SnapKit" */;
			productName = "SnapKit-Dynamic";
		};
/* End XCSwiftPackageProductDependency section */
	};
	rootObject = A924258D2B3315EE004DF264 /* Project object */;
}
